// !$*UTF8*$!
{
	archiveVersion = 1;
	classes = {
	};
	objectVersion = 63;
	objects = {

/* Begin PBXBuildFile section */
		190FE476D1407349A4D4C466 /* Network.framework in Frameworks */ = {isa = PBXBuildFile; fileRef = 348C44FB50C1A4EE310A1E1C /* Network.framework */; };
		306858323E367F591093C983 /* SettingsService.swift in Sources */ = {isa = PBXBuildFile; fileRef = D476E4FEF8A2E900181B2DC6 /* SettingsService.swift */; };
		4E07DC93B8AF43FF73B2C0ED /* AppKit.framework in Frameworks */ = {isa = PBXBuildFile; fileRef = 1C38FB6456BA89D48862CB51 /* AppKit.framework */; };
		514F987B9ADD7E716DED5EA3 /* SwiftUI.framework in Frameworks */ = {isa = PBXBuildFile; fileRef = FF570E635D4689383E766F4F /* SwiftUI.framework */; };
		6DA6104C70509DC18869A8BF /* NetSpeedMonitorApp.swift in Sources */ = {isa = PBXBuildFile; fileRef = B627429D000552D955F06D70 /* NetSpeedMonitorApp.swift */; };
		75AC29644B7D054C95604B86 /* NetworkData.swift in Sources */ = {isa = PBXBuildFile; fileRef = 67291986F89EFF560E5495E0 /* NetworkData.swift */; };
		7A18EA99FBBFCEC07B5D3A06 /* SettingsView.swift in Sources */ = {isa = PBXBuildFile; fileRef = B8F3A9464F8EA96835DE5F53 /* SettingsView.swift */; };
		805575766D09EEE018A06395 /* NetworkMonitorService.swift in Sources */ = {isa = PBXBuildFile; fileRef = 0D99ECCFB9522B09DCE4D9E4 /* NetworkMonitorService.swift */; };
		91284E3C492774A41A2ABBA5 /* ServiceManagement.framework in Frameworks */ = {isa = PBXBuildFile; fileRef = 35448737F42533176C6F2247 /* ServiceManagement.framework */; };
		D3555328C8B957BE7F1F424D /* MenuBarView.swift in Sources */ = {isa = PBXBuildFile; fileRef = 04051004FA57399CC00F5442 /* MenuBarView.swift */; };
		DE1303956EC9C5F54162AE32 /* Assets.xcassets in Resources */ = {isa = PBXBuildFile; fileRef = 55C755751C0C58759CCA2287 /* Assets.xcassets */; };
		F6B3DF017B6801D39D6FCBD6 /* NetworkMonitorViewModel.swift in Sources */ = {isa = PBXBuildFile; fileRef = A4B0BB3B612093B60DD29F7F /* NetworkMonitorViewModel.swift */; };
/* End PBXBuildFile section */

/* Begin PBXFileReference section */
		04051004FA57399CC00F5442 /* MenuBarView.swift */ = {isa = PBXFileReference; lastKnownFileType = sourcecode.swift; path = MenuBarView.swift; sourceTree = "<group>"; };
		0D99ECCFB9522B09DCE4D9E4 /* NetworkMonitorService.swift */ = {isa = PBXFileReference; lastKnownFileType = sourcecode.swift; path = NetworkMonitorService.swift; sourceTree = "<group>"; };
		1C38FB6456BA89D48862CB51 /* AppKit.framework */ = {isa = PBXFileReference; lastKnownFileType = wrapper.framework; name = AppKit.framework; path = System/Library/Frameworks/AppKit.framework; sourceTree = SDKROOT; };
		348C44FB50C1A4EE310A1E1C /* Network.framework */ = {isa = PBXFileReference; lastKnownFileType = wrapper.framework; name = Network.framework; path = System/Library/Frameworks/Network.framework; sourceTree = SDKROOT; };
		35448737F42533176C6F2247 /* ServiceManagement.framework */ = {isa = PBXFileReference; lastKnownFileType = wrapper.framework; name = ServiceManagement.framework; path = System/Library/Frameworks/ServiceManagement.framework; sourceTree = SDKROOT; };
		394C678F77E41C3440D3DE7C /* NetSpeedMonitor.entitlements */ = {isa = PBXFileReference; lastKnownFileType = text.plist.entitlements; path = NetSpeedMonitor.entitlements; sourceTree = "<group>"; };
		55C755751C0C58759CCA2287 /* Assets.xcassets */ = {isa = PBXFileReference; lastKnownFileType = folder.assetcatalog; path = Assets.xcassets; sourceTree = "<group>"; };
		67291986F89EFF560E5495E0 /* NetworkData.swift */ = {isa = PBXFileReference; lastKnownFileType = sourcecode.swift; path = NetworkData.swift; sourceTree = "<group>"; };
		8832BD81406CC220CC7FAA08 /* Info.plist */ = {isa = PBXFileReference; lastKnownFileType = text.plist; path = Info.plist; sourceTree = "<group>"; };
		A4B0BB3B612093B60DD29F7F /* NetworkMonitorViewModel.swift */ = {isa = PBXFileReference; lastKnownFileType = sourcecode.swift; path = NetworkMonitorViewModel.swift; sourceTree = "<group>"; };
		B627429D000552D955F06D70 /* NetSpeedMonitorApp.swift */ = {isa = PBXFileReference; lastKnownFileType = sourcecode.swift; path = NetSpeedMonitorApp.swift; sourceTree = "<group>"; };
		B8F3A9464F8EA96835DE5F53 /* SettingsView.swift */ = {isa = PBXFileReference; lastKnownFileType = sourcecode.swift; path = SettingsView.swift; sourceTree = "<group>"; };
		D476E4FEF8A2E900181B2DC6 /* SettingsService.swift */ = {isa = PBXFileReference; lastKnownFileType = sourcecode.swift; path = SettingsService.swift; sourceTree = "<group>"; };
		E945931D509F0EC52EF8ED79 /* NetSpeedMonitor.app */ = {isa = PBXFileReference; explicitFileType = wrapper.application; includeInIndex = 0; path = NetSpeedMonitor.app; sourceTree = BUILT_PRODUCTS_DIR; };
		FF570E635D4689383E766F4F /* SwiftUI.framework */ = {isa = PBXFileReference; lastKnownFileType = wrapper.framework; name = SwiftUI.framework; path = System/Library/Frameworks/SwiftUI.framework; sourceTree = SDKROOT; };
/* End PBXFileReference section */

/* Begin PBXFrameworksBuildPhase section */
		F8F1E42B00DB3B2A46D92C62 /* Frameworks */ = {
			isa = PBXFrameworksBuildPhase;
			buildActionMask = 2147483647;
			files = (
				190FE476D1407349A4D4C466 /* Network.framework in Frameworks */,
				91284E3C492774A41A2ABBA5 /* ServiceManagement.framework in Frameworks */,
				4E07DC93B8AF43FF73B2C0ED /* AppKit.framework in Frameworks */,
				514F987B9ADD7E716DED5EA3 /* SwiftUI.framework in Frameworks */,
			);
			runOnlyForDeploymentPostprocessing = 0;
		};
/* End PBXFrameworksBuildPhase section */

/* Begin PBXGroup section */
		6724AC67E78709F61C22A124 /* Views */ = {
			isa = PBXGroup;
			children = (
				04051004FA57399CC00F5442 /* MenuBarView.swift */,
				B8F3A9464F8EA96835DE5F53 /* SettingsView.swift */,
			);
			path = Views;
			sourceTree = "<group>";
		};
		74FDFFD1BE75E4F00F2C0938 = {
			isa = PBXGroup;
			children = (
				FC80599EE09FA517BB45E6AE /* NetSpeedMonitor */,
				F151158A5924DC2424DB463E /* Frameworks */,
				D22439D7ECA618C57520EFF8 /* Products */,
			);
			sourceTree = "<group>";
		};
		781F75E6E86FB8DDB0281DE3 /* Services */ = {
			isa = PBXGroup;
			children = (
				0D99ECCFB9522B09DCE4D9E4 /* NetworkMonitorService.swift */,
				D476E4FEF8A2E900181B2DC6 /* SettingsService.swift */,
			);
			path = Services;
			sourceTree = "<group>";
		};
		B4C45B02C45B1763EC44C2E1 /* Resources */ = {
			isa = PBXGroup;
			children = (
				55C755751C0C58759CCA2287 /* Assets.xcassets */,
			);
			path = Resources;
			sourceTree = "<group>";
		};
		C03D843D8144F237B83929C8 /* ViewModels */ = {
			isa = PBXGroup;
			children = (
				A4B0BB3B612093B60DD29F7F /* NetworkMonitorViewModel.swift */,
			);
			path = ViewModels;
			sourceTree = "<group>";
		};
		C6FD4897673CEC045AF466B0 /* Models */ = {
			isa = PBXGroup;
			children = (
				67291986F89EFF560E5495E0 /* NetworkData.swift */,
			);
			path = Models;
			sourceTree = "<group>";
		};
		D22439D7ECA618C57520EFF8 /* Products */ = {
			isa = PBXGroup;
			children = (
				E945931D509F0EC52EF8ED79 /* NetSpeedMonitor.app */,
			);
			name = Products;
			sourceTree = "<group>";
		};
		F151158A5924DC2424DB463E /* Frameworks */ = {
			isa = PBXGroup;
			children = (
				1C38FB6456BA89D48862CB51 /* AppKit.framework */,
				348C44FB50C1A4EE310A1E1C /* Network.framework */,
				35448737F42533176C6F2247 /* ServiceManagement.framework */,
				FF570E635D4689383E766F4F /* SwiftUI.framework */,
			);
			name = Frameworks;
			sourceTree = "<group>";
		};
		FC80599EE09FA517BB45E6AE /* NetSpeedMonitor */ = {
			isa = PBXGroup;
			children = (
				8832BD81406CC220CC7FAA08 /* Info.plist */,
				394C678F77E41C3440D3DE7C /* NetSpeedMonitor.entitlements */,
				B627429D000552D955F06D70 /* NetSpeedMonitorApp.swift */,
				C6FD4897673CEC045AF466B0 /* Models */,
				B4C45B02C45B1763EC44C2E1 /* Resources */,
				781F75E6E86FB8DDB0281DE3 /* Services */,
				C03D843D8144F237B83929C8 /* ViewModels */,
				6724AC67E78709F61C22A124 /* Views */,
			);
			path = NetSpeedMonitor;
			sourceTree = "<group>";
		};
/* End PBXGroup section */

/* Begin PBXNativeTarget section */
		0C0B429DA22B06451B264C65 /* NetSpeedMonitor */ = {
			isa = PBXNativeTarget;
			buildConfigurationList = C64D8BD8266208C07DEA705E /* Build configuration list for PBXNativeTarget "NetSpeedMonitor" */;
			buildPhases = (
				39FAC07D2B953E82E4479C14 /* Sources */,
				C8A9943558A5131694FF8251 /* Resources */,
				F8F1E42B00DB3B2A46D92C62 /* Frameworks */,
			);
			buildRules = (
			);
			dependencies = (
			);
			name = NetSpeedMonitor;
			packageProductDependencies = (
			);
			productName = NetSpeedMonitor;
			productReference = E945931D509F0EC52EF8ED79 /* NetSpeedMonitor.app */;
			productType = "com.apple.product-type.application";
		};
/* End PBXNativeTarget section */

/* Begin PBXProject section */
		DD291C863F909707F0D33851 /* Project object */ = {
			isa = PBXProject;
			attributes = {
				BuildIndependentTargetsInParallel = YES;
				LastUpgradeCheck = 1600;
				TargetAttributes = {
					0C0B429DA22B06451B264C65 = {
						DevelopmentTeam = "";
						ProvisioningStyle = Automatic;
					};
				};
			};
			buildConfigurationList = A61E1A50FD04D3AB241CE634 /* Build configuration list for PBXProject "NetSpeedMonitor" */;
			compatibilityVersion = "Xcode 14.0";
			developmentRegion = en;
			hasScannedForEncodings = 0;
			knownRegions = (
				Base,
				en,
			);
			mainGroup = 74FDFFD1BE75E4F00F2C0938;
			minimizedProjectReferenceProxies = 1;
			projectDirPath = "";
			projectRoot = "";
			targets = (
				0C0B429DA22B06451B264C65 /* NetSpeedMonitor */,
			);
		};
/* End PBXProject section */

/* Begin PBXResourcesBuildPhase section */
		C8A9943558A5131694FF8251 /* Resources */ = {
			isa = PBXResourcesBuildPhase;
			buildActionMask = 2147483647;
			files = (
				DE1303956EC9C5F54162AE32 /* Assets.xcassets in Resources */,
			);
			runOnlyForDeploymentPostprocessing = 0;
		};
/* End PBXResourcesBuildPhase section */

/* Begin PBXSourcesBuildPhase section */
		39FAC07D2B953E82E4479C14 /* Sources */ = {
			isa = PBXSourcesBuildPhase;
			buildActionMask = 2147483647;
			files = (
				D3555328C8B957BE7F1F424D /* MenuBarView.swift in Sources */,
				6DA6104C70509DC18869A8BF /* NetSpeedMonitorApp.swift in Sources */,
				75AC29644B7D054C95604B86 /* NetworkData.swift in Sources */,
				805575766D09EEE018A06395 /* NetworkMonitorService.swift in Sources */,
				F6B3DF017B6801D39D6FCBD6 /* NetworkMonitorViewModel.swift in Sources */,
				306858323E367F591093C983 /* SettingsService.swift in Sources */,
				7A18EA99FBBFCEC07B5D3A06 /* SettingsView.swift in Sources */,
			);
			runOnlyForDeploymentPostprocessing = 0;
		};
/* End PBXSourcesBuildPhase section */

/* Begin XCBuildConfiguration section */
		0941FD6A4692664D2773DC6A /* Release */ = {
			isa = XCBuildConfiguration;
			buildSettings = {
				ASSETCATALOG_COMPILER_APPICON_NAME = AppIcon;
				CODE_SIGN_ENTITLEMENTS = NetSpeedMonitor/NetSpeedMonitor.entitlements;
				CODE_SIGN_STYLE = Automatic;
				COMBINE_HIDPI_IMAGES = YES;
				DEVELOPMENT_TEAM = "";
				ENABLE_HARDENED_RUNTIME = YES;
				INFOPLIST_FILE = NetSpeedMonitor/Info.plist;
				LD_RUNPATH_SEARCH_PATHS = (
					"$(inherited)",
					"@executable_path/../Frameworks",
				);
				MACOSX_DEPLOYMENT_TARGET = 15.0;
				PRODUCT_BUNDLE_IDENTIFIER = com.frolax.netspeedmonitor;
				SDKROOT = macosx;
			};
			name = Release;
		};
		8AA9C4977F6956D7A2A32844 /* Debug */ = {
			isa = XCBuildConfiguration;
			buildSettings = {
				ASSETCATALOG_COMPILER_APPICON_NAME = AppIcon;
				CODE_SIGN_ENTITLEMENTS = NetSpeedMonitor/NetSpeedMonitor.entitlements;
				CODE_SIGN_STYLE = Automatic;
				COMBINE_HIDPI_IMAGES = YES;
				DEVELOPMENT_TEAM = "";
				ENABLE_HARDENED_RUNTIME = YES;
				INFOPLIST_FILE = NetSpeedMonitor/Info.plist;
				LD_RUNPATH_SEARCH_PATHS = (
					"$(inherited)",
					"@executable_path/../Frameworks",
				);
				MACOSX_DEPLOYMENT_TARGET = 15.0;
				PRODUCT_BUNDLE_IDENTIFIER = com.frolax.netspeedmonitor;
				SDKROOT = macosx;
			};
			name = Debug;
		};
		B378C4DD84765FD12B0098BD /* Release */ = {
			isa = XCBuildConfiguration;
			buildSettings = {
				ALWAYS_SEARCH_USER_PATHS = NO;
				CLANG_ANALYZER_NONNULL = YES;
				CLANG_ANALYZER_NUMBER_OBJECT_CONVERSION = YES_AGGRESSIVE;
				CLANG_CXX_LANGUAGE_STANDARD = "gnu++14";
				CLANG_CXX_LIBRARY = "libc++";
				CLANG_ENABLE_MODULES = YES;
				CLANG_ENABLE_OBJC_ARC = YES;
				CLANG_ENABLE_OBJC_WEAK = YES;
				CLANG_WARN_BLOCK_CAPTURE_AUTORELEASING = YES;
				CLANG_WARN_BOOL_CONVERSION = YES;
				CLANG_WARN_COMMA = YES;
				CLANG_WARN_CONSTANT_CONVERSION = YES;
				CLANG_WARN_DEPRECATED_OBJC_IMPLEMENTATIONS = YES;
				CLANG_WARN_DIRECT_OBJC_ISA_USAGE = YES_ERROR;
				CLANG_WARN_DOCUMENTATION_COMMENTS = YES;
				CLANG_WARN_EMPTY_BODY = YES;
				CLANG_WARN_ENUM_CONVERSION = YES;
				CLANG_WARN_INFINITE_RECURSION = YES;
				CLANG_WARN_INT_CONVERSION = YES;
				CLANG_WARN_NON_LITERAL_NULL_CONVERSION = YES;
				CLANG_WARN_OBJC_IMPLICIT_RETAIN_SELF = YES;
				CLANG_WARN_OBJC_LITERAL_CONVERSION = YES;
				CLANG_WARN_OBJC_ROOT_CLASS = YES_ERROR;
				CLANG_WARN_QUOTED_INCLUDE_IN_FRAMEWORK_HEADER = YES;
				CLANG_WARN_RANGE_LOOP_ANALYSIS = YES;
				CLANG_WARN_STRICT_PROTOTYPES = YES;
				CLANG_WARN_SUSPICIOUS_MOVE = YES;
				CLANG_WARN_UNGUARDED_AVAILABILITY = YES_AGGRESSIVE;
				CLANG_WARN_UNREACHABLE_CODE = YES;
				CLANG_WARN__DUPLICATE_METHOD_MATCH = YES;
				CODE_SIGN_ENTITLEMENTS = NetSpeedMonitor/NetSpeedMonitor.entitlements;
				COPY_PHASE_STRIP = NO;
				CURRENT_PROJECT_VERSION = 1;
				DEBUG_INFORMATION_FORMAT = "dwarf-with-dsym";
				ENABLE_HARDENED_RUNTIME = YES;
				ENABLE_NS_ASSERTIONS = NO;
				ENABLE_STRICT_OBJC_MSGSEND = YES;
				GCC_C_LANGUAGE_STANDARD = gnu11;
				GCC_NO_COMMON_BLOCKS = YES;
				GCC_WARN_64_TO_32_BIT_CONVERSION = YES;
				GCC_WARN_ABOUT_RETURN_TYPE = YES_ERROR;
				GCC_WARN_UNDECLARED_SELECTOR = YES;
				GCC_WARN_UNINITIALIZED_AUTOS = YES_AGGRESSIVE;
				GCC_WARN_UNUSED_FUNCTION = YES;
				GCC_WARN_UNUSED_VARIABLE = YES;
				INFOPLIST_KEY_CFBundleDisplayName = "Net Speed Monitor";
				INFOPLIST_KEY_CFBundleName = NetSpeedMonitor;
				INFOPLIST_KEY_LSApplicationCategoryType = "public.app-category.utilities";
				INFOPLIST_KEY_LSUIElement = YES;
				INFOPLIST_KEY_NSPrincipalClass = NSApplication;
				MACOSX_DEPLOYMENT_TARGET = 15.0;
				MARKETING_VERSION = 1.0.0;
				MTL_ENABLE_DEBUG_INFO = NO;
				MTL_FAST_MATH = YES;
				PRODUCT_NAME = "$(TARGET_NAME)";
				SDKROOT = macosx;
				SWIFT_COMPILATION_MODE = wholemodule;
				SWIFT_OPTIMIZATION_LEVEL = "-O";
				SWIFT_VERSION = 5.10;
			};
			name = Release;
		};
		F4BD7953BB61CE58FD00F568 /* Debug */ = {
			isa = XCBuildConfiguration;
			buildSettings = {
				ALWAYS_SEARCH_USER_PATHS = NO;
				CLANG_ANALYZER_NONNULL = YES;
				CLANG_ANALYZER_NUMBER_OBJECT_CONVERSION = YES_AGGRESSIVE;
				CLANG_CXX_LANGUAGE_STANDARD = "gnu++14";
				CLANG_CXX_LIBRARY = "libc++";
				CLANG_ENABLE_MODULES = YES;
				CLANG_ENABLE_OBJC_ARC = YES;
				CLANG_ENABLE_OBJC_WEAK = YES;
				CLANG_WARN_BLOCK_CAPTURE_AUTORELEASING = YES;
				CLANG_WARN_BOOL_CONVERSION = YES;
				CLANG_WARN_COMMA = YES;
				CLANG_WARN_CONSTANT_CONVERSION = YES;
				CLANG_WARN_DEPRECATED_OBJC_IMPLEMENTATIONS = YES;
				CLANG_WARN_DIRECT_OBJC_ISA_USAGE = YES_ERROR;
				CLANG_WARN_DOCUMENTATION_COMMENTS = YES;
				CLANG_WARN_EMPTY_BODY = YES;
				CLANG_WARN_ENUM_CONVERSION = YES;
				CLANG_WARN_INFINITE_RECURSION = YES;
				CLANG_WARN_INT_CONVERSION = YES;
				CLANG_WARN_NON_LITERAL_NULL_CONVERSION = YES;
				CLANG_WARN_OBJC_IMPLICIT_RETAIN_SELF = YES;
				CLANG_WARN_OBJC_LITERAL_CONVERSION = YES;
				CLANG_WARN_OBJC_ROOT_CLASS = YES_ERROR;
				CLANG_WARN_QUOTED_INCLUDE_IN_FRAMEWORK_HEADER = YES;
				CLANG_WARN_RANGE_LOOP_ANALYSIS = YES;
				CLANG_WARN_STRICT_PROTOTYPES = YES;
				CLANG_WARN_SUSPICIOUS_MOVE = YES;
				CLANG_WARN_UNGUARDED_AVAILABILITY = YES_AGGRESSIVE;
				CLANG_WARN_UNREACHABLE_CODE = YES;
				CLANG_WARN__DUPLICATE_METHOD_MATCH = YES;
				CODE_SIGN_ENTITLEMENTS = NetSpeedMonitor/NetSpeedMonitor.entitlements;
				COPY_PHASE_STRIP = NO;
				CURRENT_PROJECT_VERSION = 1;
				DEBUG_INFORMATION_FORMAT = dwarf;
				ENABLE_HARDENED_RUNTIME = YES;
				ENABLE_STRICT_OBJC_MSGSEND = YES;
				ENABLE_TESTABILITY = YES;
				GCC_C_LANGUAGE_STANDARD = gnu11;
				GCC_DYNAMIC_NO_PIC = NO;
				GCC_NO_COMMON_BLOCKS = YES;
				GCC_OPTIMIZATION_LEVEL = 0;
				GCC_PREPROCESSOR_DEFINITIONS = (
					"$(inherited)",
					"DEBUG=1",
				);
				GCC_WARN_64_TO_32_BIT_CONVERSION = YES;
				GCC_WARN_ABOUT_RETURN_TYPE = YES_ERROR;
				GCC_WARN_UNDECLARED_SELECTOR = YES;
				GCC_WARN_UNINITIALIZED_AUTOS = YES_AGGRESSIVE;
				GCC_WARN_UNUSED_FUNCTION = YES;
				GCC_WARN_UNUSED_VARIABLE = YES;
				INFOPLIST_KEY_CFBundleDisplayName = "Net Speed Monitor";
				INFOPLIST_KEY_CFBundleName = NetSpeedMonitor;
				INFOPLIST_KEY_LSApplicationCategoryType = "public.app-category.utilities";
				INFOPLIST_KEY_LSUIElement = YES;
				INFOPLIST_KEY_NSPrincipalClass = NSApplication;
				MACOSX_DEPLOYMENT_TARGET = 15.0;
				MARKETING_VERSION = 1.0.0;
				MTL_ENABLE_DEBUG_INFO = INCLUDE_SOURCE;
				MTL_FAST_MATH = YES;
				ONLY_ACTIVE_ARCH = YES;
				PRODUCT_NAME = "$(TARGET_NAME)";
				SDKROOT = macosx;
				SWIFT_ACTIVE_COMPILATION_CONDITIONS = DEBUG;
				SWIFT_OPTIMIZATION_LEVEL = "-Onone";
				SWIFT_VERSION = 5.10;
			};
			name = Debug;
		};
/* End XCBuildConfiguration section */

/* Begin XCConfigurationList section */
		A61E1A50FD04D3AB241CE634 /* Build configuration list for PBXProject "NetSpeedMonitor" */ = {
			isa = XCConfigurationList;
			buildConfigurations = (
				F4BD7953BB61CE58FD00F568 /* Debug */,
				B378C4DD84765FD12B0098BD /* Release */,
			);
			defaultConfigurationIsVisible = 0;
			defaultConfigurationName = Release;
		};
		C64D8BD8266208C07DEA705E /* Build configuration list for PBXNativeTarget "NetSpeedMonitor" */ = {
			isa = XCConfigurationList;
			buildConfigurations = (
				8AA9C4977F6956D7A2A32844 /* Debug */,
				0941FD6A4692664D2773DC6A /* Release */,
			);
			defaultConfigurationIsVisible = 0;
			defaultConfigurationName = Release;
		};
/* End XCConfigurationList section */
	};
	rootObject = DD291C863F909707F0D33851 /* Project object */;
}
